
Microsoft Visual Studio Solution File, Format Version 12.00
# Visual Studio Version 16
VisualStudioVersion = 16.0.29318.209
MinimumVisualStudioVersion = 10.0.40219.1
Project("{9A19103F-16F7-4668-BE54-9A1E7A4F7556}") = "SofoTest", "SofoTest.csproj", "{A99EF7F5-D740-48BA-A0B0-452B803FF2CD}"
EndProject
Global
	GlobalSection(SolutionConfigurationPlatforms) = preSolution
		Debug|Any CPU = Debug|Any CPU
		Release|Any CPU = Release|Any CPU
	EndGlobalSection
	GlobalSection(ProjectConfigurationPlatforms) = postSolution
		{A99EF7F5-D740-48BA-A0B0-452B803FF2CD}.Debug|Any CPU.ActiveCfg = Debug|Any CPU
		{A99EF7F5-D740-48BA-A0B0-452B803FF2CD}.Debug|Any CPU.Build.0 = Debug|Any CPU
		{A99EF7F5-D740-48BA-A0B0-452B803FF2CD}.Release|Any CPU.ActiveCfg = Release|Any CPU
		{A99EF7F5-D740-48BA-A0B0-452B803FF2CD}.Release|Any CPU.Build.0 = Release|Any CPU
	EndGlobalSection
	GlobalSection(SolutionProperties) = preSolution
		HideSolutionNode = FALSE
	EndGlobalSection
	GlobalSection(ExtensibilityGlobals) = postSolution
		SolutionGuid = {0DF6C990-0CDF-4CF3-9548-FAB0F5C84408}
	EndGlobalSection
EndGlobal
